<?xml version="1.0" encoding="UTF-8" standalone="yes" ?>
<CodeBlocks_project_file>
	<FileVersion major="1" minor="6" />
	<Project>
		<Option title="Physics" />
		<Option pch_mode="2" />
		<Option compiler="gcc" />
		<Build>
			<Target title="Debug">
				<Option output="bin\Debug\Physics" prefix_auto="1" extension_auto="1" />
				<Option object_output="obj\Debug\" />
				<Option type="1" />
				<Option compiler="gcc" />
				<Compiler>
					<Add option="-g" />
				</Compiler>
			</Target>
			<Target title="Release">
				<Option output="bin\Release\Verlet" prefix_auto="1" extension_auto="1" />
				<Option object_output="obj\Release\" />
				<Option type="1" />
				<Option compiler="gcc" />
				<Compiler>
					<Add option="-fexpensive-optimizations" />
					<Add option="-O3" />
					<Add option="-O2" />
				</Compiler>
				<Linker>
					<Add option="-s" />
				</Linker>
			</Target>
		</Build>
		<Compiler>
			<Add option="-Wall" />
		</Compiler>
		<Linker>
			<Add option="-lsfml-graphics" />
			<Add option="-lsfml-window" />
			<Add option="-lsfml-system" />
			<Add option="-lglu32" />
			<Add library="C:\MinGW\lib\libopengl32.a" />
		</Linker>
		<Unit filename="src\Constant.hpp" />
		<Unit filename="src\Constraint.cpp" />
		<Unit filename="src\Constraint.hpp" />
		<Unit filename="src\Elastic.cpp" />
		<Unit filename="src\Elastic.hpp" />
		<Unit filename="src\FPSCounter.cpp" />
		<Unit filename="src\FPSCounter.hpp" />
		<Unit filename="src\Main.cpp" />
		<Unit filename="src\Physics.hpp" />
		<Unit filename="src\Polygon.cpp" />
		<Unit filename="src\Polygon.hpp" />
		<Unit filename="src\Rigid.cpp" />
		<Unit filename="src\Rigid.hpp" />
		<Unit filename="src\Vec2.cpp" />
		<Unit filename="src\Vec2.hpp" />
		<Unit filename="src\Vertex.cpp" />
		<Unit filename="src\Vertex.hpp" />
		<Unit filename="src\World.cpp" />
		<Unit filename="src\World.hpp" />
		<Extensions>
			<code_completion />
			<debugger />
			<envvars />
		</Extensions>
	</Project>
</CodeBlocks_project_file>
